
Microsoft Visual Studio Solution File, Format Version 12.00
# Visual Studio Version 17
VisualStudioVersion = 17.4.33213.308
MinimumVisualStudioVersion = 10.0.40219.1
Project("{FAE04EC0-301F-11D3-BF4B-00C04F79EFBC}") = "e-wallet.REST_API", "e-wallet.REST_API\e-wallet.REST_API.csproj", "{73AAD5D4-629B-430C-8798-5029B5EBB048}"
EndProject
Global
	GlobalSection(SolutionConfigurationPlatforms) = preSolution
		Debug|Any CPU = Debug|Any CPU
		Release|Any CPU = Release|Any CPU
	EndGlobalSection
	GlobalSection(ProjectConfigurationPlatforms) = postSolution
		{73AAD5D4-629B-430C-8798-5029B5EBB048}.Debug|Any CPU.ActiveCfg = Debug|Any CPU
		{73AAD5D4-629B-430C-8798-5029B5EBB048}.Debug|Any CPU.Build.0 = Debug|Any CPU
		{73AAD5D4-629B-430C-8798-5029B5EBB048}.Release|Any CPU.ActiveCfg = Release|Any CPU
		{73AAD5D4-629B-430C-8798-5029B5EBB048}.Release|Any CPU.Build.0 = Release|Any CPU
	EndGlobalSection
	GlobalSection(SolutionProperties) = preSolution
		HideSolutionNode = FALSE
	EndGlobalSection
	GlobalSection(ExtensibilityGlobals) = postSolution
		SolutionGuid = {485F142F-744E-40CE-896C-9A7B63BED6F2}
	EndGlobalSection
EndGlobal
